
Microsoft Visual Studio Solution File, Format Version 12.00
# Visual Studio Version 16
VisualStudioVersion = 16.0.30413.136
MinimumVisualStudioVersion = 10.0.40219.1
Project("{FAE04EC0-301F-11D3-BF4B-00C04F79EFBC}") = "ConsoleApp", "ConsoleApp\ConsoleApp.csproj", "{6346F86E-4DF7-45F5-9E71-5ADCFE7F684B}"
EndProject
Project("{FAE04EC0-301F-11D3-BF4B-00C04F79EFBC}") = "ClassLibrary", "ClassLibrary\ClassLibrary.csproj", "{FD88592A-8884-4838-97F2-F7D2BB43529B}"
EndProject
Global
	GlobalSection(SolutionConfigurationPlatforms) = preSolution
		Debug|Any CPU = Debug|Any CPU
		Release|Any CPU = Release|Any CPU
	EndGlobalSection
	GlobalSection(ProjectConfigurationPlatforms) = postSolution
		{6346F86E-4DF7-45F5-9E71-5ADCFE7F684B}.Debug|Any CPU.ActiveCfg = Debug|Any CPU
		{6346F86E-4DF7-45F5-9E71-5ADCFE7F684B}.Debug|Any CPU.Build.0 = Debug|Any CPU
		{6346F86E-4DF7-45F5-9E71-5ADCFE7F684B}.Release|Any CPU.ActiveCfg = Release|Any CPU
		{6346F86E-4DF7-45F5-9E71-5ADCFE7F684B}.Release|Any CPU.Build.0 = Release|Any CPU
		{FD88592A-8884-4838-97F2-F7D2BB43529B}.Debug|Any CPU.ActiveCfg = Debug|Any CPU
		{FD88592A-8884-4838-97F2-F7D2BB43529B}.Debug|Any CPU.Build.0 = Debug|Any CPU
		{FD88592A-8884-4838-97F2-F7D2BB43529B}.Release|Any CPU.ActiveCfg = Release|Any CPU
		{FD88592A-8884-4838-97F2-F7D2BB43529B}.Release|Any CPU.Build.0 = Release|Any CPU
	EndGlobalSection
	GlobalSection(SolutionProperties) = preSolution
		HideSolutionNode = FALSE
	EndGlobalSection
	GlobalSection(ExtensibilityGlobals) = postSolution
		SolutionGuid = {58B007A3-0B62-4038-9F6B-E6408390F79E}
	EndGlobalSection
EndGlobal
